
Microsoft Visual Studio Solution File, Format Version 12.00
# Visual Studio Version 17
VisualStudioVersion = 17.9.34714.143
MinimumVisualStudioVersion = 10.0.40219.1
Project("{9A19103F-16F7-4668-BE54-9A1E7A4F7556}") = "Acly", "Acly\Acly.csproj", "{E091FCC5-52DC-4846-A692-2E55706F5D80}"
EndProject
Project("{9A19103F-16F7-4668-BE54-9A1E7A4F7556}") = "Acly.Test", "Acly.Test\Acly.Test.csproj", "{A2CF4759-5CD7-4374-B5D7-D8CDC936C2D0}"
EndProject
Project("{2150E333-8FDC-42A3-9474-1A3956D46DE8}") = "Solution Items", "Solution Items", "{51D0EB1E-A5AE-4809-B20F-6546FE080486}"
	ProjectSection(SolutionItems) = preProject
		.editorconfig = .editorconfig
	EndProjectSection
EndProject
Project("{9A19103F-16F7-4668-BE54-9A1E7A4F7556}") = "Acly.Test2", "Acly.Test2\Acly.Test2.csproj", "{A5058E7F-59FB-46CA-BE65-8AC32F226898}"
EndProject
Project("{FAE04EC0-301F-11D3-BF4B-00C04F79EFBC}") = "Acly.Test3", "Acly.Test3\Acly.Test3.csproj", "{A15FC20F-71AB-4C1F-91C6-385B301F0BB7}"
EndProject
Global
	GlobalSection(SolutionConfigurationPlatforms) = preSolution
		Debug|Any CPU = Debug|Any CPU
		Release|Any CPU = Release|Any CPU
	EndGlobalSection
	GlobalSection(ProjectConfigurationPlatforms) = postSolution
		{E091FCC5-52DC-4846-A692-2E55706F5D80}.Debug|Any CPU.ActiveCfg = Debug|Any CPU
		{E091FCC5-52DC-4846-A692-2E55706F5D80}.Debug|Any CPU.Build.0 = Debug|Any CPU
		{E091FCC5-52DC-4846-A692-2E55706F5D80}.Release|Any CPU.ActiveCfg = Release|Any CPU
		{E091FCC5-52DC-4846-A692-2E55706F5D80}.Release|Any CPU.Build.0 = Release|Any CPU
		{A2CF4759-5CD7-4374-B5D7-D8CDC936C2D0}.Debug|Any CPU.ActiveCfg = Debug|Any CPU
		{A2CF4759-5CD7-4374-B5D7-D8CDC936C2D0}.Debug|Any CPU.Build.0 = Debug|Any CPU
		{A2CF4759-5CD7-4374-B5D7-D8CDC936C2D0}.Release|Any CPU.ActiveCfg = Release|Any CPU
		{A2CF4759-5CD7-4374-B5D7-D8CDC936C2D0}.Release|Any CPU.Build.0 = Release|Any CPU
		{A5058E7F-59FB-46CA-BE65-8AC32F226898}.Debug|Any CPU.ActiveCfg = Debug|Any CPU
		{A5058E7F-59FB-46CA-BE65-8AC32F226898}.Debug|Any CPU.Build.0 = Debug|Any CPU
		{A5058E7F-59FB-46CA-BE65-8AC32F226898}.Release|Any CPU.ActiveCfg = Release|Any CPU
		{A5058E7F-59FB-46CA-BE65-8AC32F226898}.Release|Any CPU.Build.0 = Release|Any CPU
		{A15FC20F-71AB-4C1F-91C6-385B301F0BB7}.Debug|Any CPU.ActiveCfg = Debug|Any CPU
		{A15FC20F-71AB-4C1F-91C6-385B301F0BB7}.Debug|Any CPU.Build.0 = Debug|Any CPU
		{A15FC20F-71AB-4C1F-91C6-385B301F0BB7}.Release|Any CPU.ActiveCfg = Release|Any CPU
		{A15FC20F-71AB-4C1F-91C6-385B301F0BB7}.Release|Any CPU.Build.0 = Release|Any CPU
	EndGlobalSection
	GlobalSection(SolutionProperties) = preSolution
		HideSolutionNode = FALSE
	EndGlobalSection
	GlobalSection(ExtensibilityGlobals) = postSolution
		SolutionGuid = {9A72DEDD-6237-4690-8508-F14215B59383}
	EndGlobalSection
EndGlobal
